
Microsoft Visual Studio Solution File, Format Version 12.00
# Visual Studio 15
VisualStudioVersion = 15.0.26124.0
MinimumVisualStudioVersion = 15.0.26124.0
Project("{FAE04EC0-301F-11D3-BF4B-00C04F79EFBC}") = "RSICalculator.Lib", "RSICalculator.Lib\RSICalculator.Lib.csproj", "{00036ADF-EE8A-483B-9BDB-24440E4C9AB8}"
EndProject
Project("{FAE04EC0-301F-11D3-BF4B-00C04F79EFBC}") = "RSICalculator.Test", "RSICalculator.Test\RSICalculator.Test.csproj", "{F3F2458A-9E85-42D9-835D-5D39610B793A}"
EndProject
Global
	GlobalSection(SolutionConfigurationPlatforms) = preSolution
		Debug|Any CPU = Debug|Any CPU
		Debug|x64 = Debug|x64
		Debug|x86 = Debug|x86
		Release|Any CPU = Release|Any CPU
		Release|x64 = Release|x64
		Release|x86 = Release|x86
	EndGlobalSection
	GlobalSection(SolutionProperties) = preSolution
		HideSolutionNode = FALSE
	EndGlobalSection
	GlobalSection(ProjectConfigurationPlatforms) = postSolution
		{00036ADF-EE8A-483B-9BDB-24440E4C9AB8}.Debug|Any CPU.ActiveCfg = Debug|Any CPU
		{00036ADF-EE8A-483B-9BDB-24440E4C9AB8}.Debug|Any CPU.Build.0 = Debug|Any CPU
		{00036ADF-EE8A-483B-9BDB-24440E4C9AB8}.Debug|x64.ActiveCfg = Debug|x64
		{00036ADF-EE8A-483B-9BDB-24440E4C9AB8}.Debug|x64.Build.0 = Debug|x64
		{00036ADF-EE8A-483B-9BDB-24440E4C9AB8}.Debug|x86.ActiveCfg = Debug|x86
		{00036ADF-EE8A-483B-9BDB-24440E4C9AB8}.Debug|x86.Build.0 = Debug|x86
		{00036ADF-EE8A-483B-9BDB-24440E4C9AB8}.Release|Any CPU.ActiveCfg = Release|Any CPU
		{00036ADF-EE8A-483B-9BDB-24440E4C9AB8}.Release|Any CPU.Build.0 = Release|Any CPU
		{00036ADF-EE8A-483B-9BDB-24440E4C9AB8}.Release|x64.ActiveCfg = Release|x64
		{00036ADF-EE8A-483B-9BDB-24440E4C9AB8}.Release|x64.Build.0 = Release|x64
		{00036ADF-EE8A-483B-9BDB-24440E4C9AB8}.Release|x86.ActiveCfg = Release|x86
		{00036ADF-EE8A-483B-9BDB-24440E4C9AB8}.Release|x86.Build.0 = Release|x86
		{F3F2458A-9E85-42D9-835D-5D39610B793A}.Debug|Any CPU.ActiveCfg = Debug|Any CPU
		{F3F2458A-9E85-42D9-835D-5D39610B793A}.Debug|Any CPU.Build.0 = Debug|Any CPU
		{F3F2458A-9E85-42D9-835D-5D39610B793A}.Debug|x64.ActiveCfg = Debug|x64
		{F3F2458A-9E85-42D9-835D-5D39610B793A}.Debug|x64.Build.0 = Debug|x64
		{F3F2458A-9E85-42D9-835D-5D39610B793A}.Debug|x86.ActiveCfg = Debug|x86
		{F3F2458A-9E85-42D9-835D-5D39610B793A}.Debug|x86.Build.0 = Debug|x86
		{F3F2458A-9E85-42D9-835D-5D39610B793A}.Release|Any CPU.ActiveCfg = Release|Any CPU
		{F3F2458A-9E85-42D9-835D-5D39610B793A}.Release|Any CPU.Build.0 = Release|Any CPU
		{F3F2458A-9E85-42D9-835D-5D39610B793A}.Release|x64.ActiveCfg = Release|x64
		{F3F2458A-9E85-42D9-835D-5D39610B793A}.Release|x64.Build.0 = Release|x64
		{F3F2458A-9E85-42D9-835D-5D39610B793A}.Release|x86.ActiveCfg = Release|x86
		{F3F2458A-9E85-42D9-835D-5D39610B793A}.Release|x86.Build.0 = Release|x86
	EndGlobalSection
EndGlobal
